Microsoft Visual Studio Solution File, Format Version 12.00
# Visual Studio Version 17
VisualStudioVersion = 17.0.31903.59
MinimumVisualStudioVersion = 10.0.40219.1
Project("{FAE04EC0-301F-11D3-BF4B-00C04F79EFBC}") = "AxetosOS.Products.NES.Abstractions", "src\Products\NES\AxetosOS.Products.NES.Abstractions\AxetosOS.Products.NES.Abstractions.csproj", "{97CA84B5-ED19-426D-A39D-34BB9E430ADB}"
EndProject
Project("{FAE04EC0-301F-11D3-BF4B-00C04F79EFBC}") = "AxetosOS.Products.NES.Cartridges", "src\Products\NES\AxetosOS.Products.NES.Cartridges\AxetosOS.Products.NES.Cartridges.csproj", "{C614854A-4454-4D22-9A8C-66D0A782669A}"
EndProject
Project("{FAE04EC0-301F-11D3-BF4B-00C04F79EFBC}") = "AxetosOS.Products.NES.Tests", "tests\AxetosOS.Products.NES.Tests\AxetosOS.Products.NES.Tests.csproj", "{11C513E5-24B4-4501-AD77-780591EF1151}"
EndProject
Project("{FAE04EC0-301F-11D3-BF4B-00C04F79EFBC}") = "AxetosOS.Products.NES.DesktopHost", "src\Products\NES\AxetosOS.Products.NES.DesktopHost\AxetosOS.Products.NES.DesktopHost.csproj", "{5D2D3A92-5374-4D29-AD50-50A3018A1300}"
EndProject
Project("{FAE04EC0-301F-11D3-BF4B-00C04F79EFBC}") = "AxetosOS.Products.NES.Desktop", "src\Products\NES\AxetosOS.Products.NES.Desktop\AxetosOS.Products.NES.Desktop.csproj", "{EB313C49-9D5A-45AC-AF0C-DE6D1116D231}"
EndProject
Project("{FAE04EC0-301F-11D3-BF4B-00C04F79EFBC}") = "AxetosOS.Products.NES.Host.Windows", "src\Products\NES\AxetosOS.Products.NES.Host.Windows\AxetosOS.Products.NES.Host.Windows.csproj", "{E44F1C0F-78A4-4DC4-B57A-932E614B4A03}"
EndProject
Project("{FAE04EC0-301F-11D3-BF4B-00C04F79EFBC}") = "AxetosOS.Products.NES.VirtualHardware", "src\Products\NES\AxetosOS.Products.NES.VirtualHardware\AxetosOS.Products.NES.VirtualHardware.csproj", "{A74EBA14-C4D1-4BAC-AD8F-2C22F6A0272B}"
EndProject
Global
    GlobalSection(SolutionConfigurationPlatforms) = preSolution
        Debug|Any CPU = Debug|Any CPU
        Release|Any CPU = Release|Any CPU
    EndGlobalSection
    GlobalSection(ProjectConfigurationPlatforms) = postSolution
        {97CA84B5-ED19-426D-A39D-34BB9E430ADB}.Debug|Any CPU.ActiveCfg = Debug|Any CPU
        {97CA84B5-ED19-426D-A39D-34BB9E430ADB}.Debug|Any CPU.Build.0 = Debug|Any CPU
        {97CA84B5-ED19-426D-A39D-34BB9E430ADB}.Release|Any CPU.ActiveCfg = Release|Any CPU
        {97CA84B5-ED19-426D-A39D-34BB9E430ADB}.Release|Any CPU.Build.0 = Release|Any CPU
        {C614854A-4454-4D22-9A8C-66D0A782669A}.Debug|Any CPU.ActiveCfg = Debug|Any CPU
        {C614854A-4454-4D22-9A8C-66D0A782669A}.Debug|Any CPU.Build.0 = Debug|Any CPU
        {C614854A-4454-4D22-9A8C-66D0A782669A}.Release|Any CPU.ActiveCfg = Release|Any CPU
        {C614854A-4454-4D22-9A8C-66D0A782669A}.Release|Any CPU.Build.0 = Release|Any CPU
        {11C513E5-24B4-4501-AD77-780591EF1151}.Debug|Any CPU.ActiveCfg = Debug|Any CPU
        {11C513E5-24B4-4501-AD77-780591EF1151}.Debug|Any CPU.Build.0 = Debug|Any CPU
        {11C513E5-24B4-4501-AD77-780591EF1151}.Release|Any CPU.ActiveCfg = Release|Any CPU
        {11C513E5-24B4-4501-AD77-780591EF1151}.Release|Any CPU.Build.0 = Release|Any CPU
        {5D2D3A92-5374-4D29-AD50-50A3018A1300}.Debug|Any CPU.ActiveCfg = Debug|Any CPU
        {5D2D3A92-5374-4D29-AD50-50A3018A1300}.Debug|Any CPU.Build.0 = Debug|Any CPU
        {5D2D3A92-5374-4D29-AD50-50A3018A1300}.Release|Any CPU.ActiveCfg = Release|Any CPU
        {5D2D3A92-5374-4D29-AD50-50A3018A1300}.Release|Any CPU.Build.0 = Release|Any CPU
        {EB313C49-9D5A-45AC-AF0C-DE6D1116D231}.Debug|Any CPU.ActiveCfg = Debug|Any CPU
        {EB313C49-9D5A-45AC-AF0C-DE6D1116D231}.Debug|Any CPU.Build.0 = Debug|Any CPU
        {EB313C49-9D5A-45AC-AF0C-DE6D1116D231}.Release|Any CPU.ActiveCfg = Release|Any CPU
        {EB313C49-9D5A-45AC-AF0C-DE6D1116D231}.Release|Any CPU.Build.0 = Release|Any CPU
        {E44F1C0F-78A4-4DC4-B57A-932E614B4A03}.Debug|Any CPU.ActiveCfg = Debug|Any CPU
        {E44F1C0F-78A4-4DC4-B57A-932E614B4A03}.Debug|Any CPU.Build.0 = Debug|Any CPU
        {E44F1C0F-78A4-4DC4-B57A-932E614B4A03}.Release|Any CPU.ActiveCfg = Release|Any CPU
        {E44F1C0F-78A4-4DC4-B57A-932E614B4A03}.Release|Any CPU.Build.0 = Release|Any CPU
        {A74EBA14-C4D1-4BAC-AD8F-2C22F6A0272B}.Debug|Any CPU.ActiveCfg = Debug|Any CPU
        {A74EBA14-C4D1-4BAC-AD8F-2C22F6A0272B}.Debug|Any CPU.Build.0 = Debug|Any CPU
        {A74EBA14-C4D1-4BAC-AD8F-2C22F6A0272B}.Release|Any CPU.ActiveCfg = Release|Any CPU
        {A74EBA14-C4D1-4BAC-AD8F-2C22F6A0272B}.Release|Any CPU.Build.0 = Release|Any CPU
    EndGlobalSection
EndGlobal
